
Microsoft Visual Studio Solution File, Format Version 12.00
# Visual Studio Version 16
VisualStudioVersion = 16.0.33529.622
MinimumVisualStudioVersion = 10.0.40219.1
Project("{8BC9CEB8-8B4A-11D0-8D11-00A0C91BC942}") = "2023_05_11_func_string_3", "2023_05_11_func_string_3\2023_05_11_func_string_3.vcxproj", "{7F1B3515-BD3E-4E39-89C7-AEC49615D025}"
EndProject
Global
	GlobalSection(SolutionConfigurationPlatforms) = preSolution
		Debug|x64 = Debug|x64
		Debug|x86 = Debug|x86
		Release|x64 = Release|x64
		Release|x86 = Release|x86
	EndGlobalSection
	GlobalSection(ProjectConfigurationPlatforms) = postSolution
		{7F1B3515-BD3E-4E39-89C7-AEC49615D025}.Debug|x64.ActiveCfg = Debug|x64
		{7F1B3515-BD3E-4E39-89C7-AEC49615D025}.Debug|x64.Build.0 = Debug|x64
		{7F1B3515-BD3E-4E39-89C7-AEC49615D025}.Debug|x86.ActiveCfg = Debug|Win32
		{7F1B3515-BD3E-4E39-89C7-AEC49615D025}.Debug|x86.Build.0 = Debug|Win32
		{7F1B3515-BD3E-4E39-89C7-AEC49615D025}.Release|x64.ActiveCfg = Release|x64
		{7F1B3515-BD3E-4E39-89C7-AEC49615D025}.Release|x64.Build.0 = Release|x64
		{7F1B3515-BD3E-4E39-89C7-AEC49615D025}.Release|x86.ActiveCfg = Release|Win32
		{7F1B3515-BD3E-4E39-89C7-AEC49615D025}.Release|x86.Build.0 = Release|Win32
	EndGlobalSection
	GlobalSection(SolutionProperties) = preSolution
		HideSolutionNode = FALSE
	EndGlobalSection
	GlobalSection(ExtensibilityGlobals) = postSolution
		SolutionGuid = {68D34AB2-A5A3-4205-80B5-45511EB32C96}
	EndGlobalSection
EndGlobal
